<Solution>
  <Configurations>
    <Platform Name="Any CPU" />
    <Platform Name="x64" />
    <Platform Name="x86" />
  </Configurations>
  <Folder Name="/tests/">
    <Project Path="../tests/HighResolutionTimer.Tests/HighResolutionTimer.Tests.csproj" />
  </Folder>
  <Project Path="HighResolutionTimer.csproj" />
</Solution>
