
Microsoft Visual Studio Solution File, Format Version 12.00
# Visual Studio Version 16
VisualStudioVersion = 16.0.30523.141
MinimumVisualStudioVersion = 10.0.40219.1
Project("{9A19103F-16F7-4668-BE54-9A1E7A4F7556}") = "HighResolutionTimer", "HighResolutionTimer.csproj", "{519E3F13-5D6A-4A15-950F-CD1EED603351}"
EndProject
Global
	GlobalSection(SolutionConfigurationPlatforms) = preSolution
		Debug|Any CPU = Debug|Any CPU
		Release|Any CPU = Release|Any CPU
	EndGlobalSection
	GlobalSection(ProjectConfigurationPlatforms) = postSolution
		{519E3F13-5D6A-4A15-950F-CD1EED603351}.Debug|Any CPU.ActiveCfg = Debug|Any CPU
		{519E3F13-5D6A-4A15-950F-CD1EED603351}.Debug|Any CPU.Build.0 = Debug|Any CPU
		{519E3F13-5D6A-4A15-950F-CD1EED603351}.Release|Any CPU.ActiveCfg = Release|Any CPU
		{519E3F13-5D6A-4A15-950F-CD1EED603351}.Release|Any CPU.Build.0 = Release|Any CPU
	EndGlobalSection
	GlobalSection(SolutionProperties) = preSolution
		HideSolutionNode = FALSE
	EndGlobalSection
	GlobalSection(ExtensibilityGlobals) = postSolution
		SolutionGuid = {E200A551-202D-48D5-A723-84C25146570B}
	EndGlobalSection
EndGlobal
